
Microsoft Visual Studio Solution File, Format Version 12.00
# Visual Studio Version 16
VisualStudioVersion = 16.0.29613.14
MinimumVisualStudioVersion = 10.0.40219.1
Project("{FAE04EC0-301F-11D3-BF4B-00C04F79EFBC}") = "NeonTools", "NeonTools\NeonTools.csproj", "{3A347943-207E-4FCB-A393-E9495070B395}"
EndProject
Global
	GlobalSection(SolutionConfigurationPlatforms) = preSolution
		Debug|Any CPU = Debug|Any CPU
		Release|Any CPU = Release|Any CPU
	EndGlobalSection
	GlobalSection(ProjectConfigurationPlatforms) = postSolution
		{3A347943-207E-4FCB-A393-E9495070B395}.Debug|Any CPU.ActiveCfg = Debug|Any CPU
		{3A347943-207E-4FCB-A393-E9495070B395}.Debug|Any CPU.Build.0 = Debug|Any CPU
		{3A347943-207E-4FCB-A393-E9495070B395}.Release|Any CPU.ActiveCfg = Release|Any CPU
		{3A347943-207E-4FCB-A393-E9495070B395}.Release|Any CPU.Build.0 = Release|Any CPU
	EndGlobalSection
	GlobalSection(SolutionProperties) = preSolution
		HideSolutionNode = FALSE
	EndGlobalSection
	GlobalSection(ExtensibilityGlobals) = postSolution
		SolutionGuid = {4CFC83FF-5592-4E10-9BDC-63FEB6F54D3D}
	EndGlobalSection
EndGlobal
